
Microsoft Visual Studio Solution File, Format Version 12.00
# Visual Studio 15
VisualStudioVersion = 15.0.28010.2046
MinimumVisualStudioVersion = 10.0.40219.1
Project("{FAE04EC0-301F-11D3-BF4B-00C04F79EFBC}") = "gta_cayo_ATM", "gta_cayo_ATM\gta_cayo_ATM.csproj", "{D9A4150E-0C32-429F-BB5C-AB683D237D15}"
EndProject
Global
	GlobalSection(SolutionConfigurationPlatforms) = preSolution
		Debug|Any CPU = Debug|Any CPU
		Release|Any CPU = Release|Any CPU
	EndGlobalSection
	GlobalSection(ProjectConfigurationPlatforms) = postSolution
		{D9A4150E-0C32-429F-BB5C-AB683D237D15}.Debug|Any CPU.ActiveCfg = Debug|Any CPU
		{D9A4150E-0C32-429F-BB5C-AB683D237D15}.Debug|Any CPU.Build.0 = Debug|Any CPU
		{D9A4150E-0C32-429F-BB5C-AB683D237D15}.Release|Any CPU.ActiveCfg = Release|Any CPU
		{D9A4150E-0C32-429F-BB5C-AB683D237D15}.Release|Any CPU.Build.0 = Release|Any CPU
	EndGlobalSection
	GlobalSection(SolutionProperties) = preSolution
		HideSolutionNode = FALSE
	EndGlobalSection
	GlobalSection(ExtensibilityGlobals) = postSolution
		SolutionGuid = {6D361348-D07A-4F8C-A69F-969D5DF819D8}
	EndGlobalSection
EndGlobal
